
Microsoft Visual Studio Solution File, Format Version 12.00
# Visual Studio Version 17
VisualStudioVersion = 17.11.35312.102
MinimumVisualStudioVersion = 10.0.40219.1
Project("{FAE04EC0-301F-11D3-BF4B-00C04F79EFBC}") = "01_MainSubjects", "01_MainSubjects\01_MainSubjects.csproj", "{DB603EB4-F5E2-4412-BD3D-DAEB97A3245A}"
EndProject
Project("{FAE04EC0-301F-11D3-BF4B-00C04F79EFBC}") = "02_Variables", "02_Variables\02_Variables.csproj", "{1F4D57CC-E0A3-4232-832B-180499AAD12F}"
EndProject
Project("{FAE04EC0-301F-11D3-BF4B-00C04F79EFBC}") = "03_MakingDecision", "03_MakingDecision\03_MakingDecision.csproj", "{972B12CD-BBDC-44C3-A542-613A8F28DE34}"
EndProject
Project("{FAE04EC0-301F-11D3-BF4B-00C04F79EFBC}") = "04_Loops", "04_Loops\04_Loops.csproj", "{4F8B55ED-03FD-4245-BEF8-97EE353EF9F3}"
EndProject
Project("{FAE04EC0-301F-11D3-BF4B-00C04F79EFBC}") = "05_LoopsWithStars", "05_LoopsWithStars\05_LoopsWithStars.csproj", "{C304520C-87DA-40C1-B272-F824B8245772}"
EndProject
Global
	GlobalSection(SolutionConfigurationPlatforms) = preSolution
		Debug|Any CPU = Debug|Any CPU
		Release|Any CPU = Release|Any CPU
	EndGlobalSection
	GlobalSection(ProjectConfigurationPlatforms) = postSolution
		{DB603EB4-F5E2-4412-BD3D-DAEB97A3245A}.Debug|Any CPU.ActiveCfg = Debug|Any CPU
		{DB603EB4-F5E2-4412-BD3D-DAEB97A3245A}.Debug|Any CPU.Build.0 = Debug|Any CPU
		{DB603EB4-F5E2-4412-BD3D-DAEB97A3245A}.Release|Any CPU.ActiveCfg = Release|Any CPU
		{DB603EB4-F5E2-4412-BD3D-DAEB97A3245A}.Release|Any CPU.Build.0 = Release|Any CPU
		{1F4D57CC-E0A3-4232-832B-180499AAD12F}.Debug|Any CPU.ActiveCfg = Debug|Any CPU
		{1F4D57CC-E0A3-4232-832B-180499AAD12F}.Debug|Any CPU.Build.0 = Debug|Any CPU
		{1F4D57CC-E0A3-4232-832B-180499AAD12F}.Release|Any CPU.ActiveCfg = Release|Any CPU
		{1F4D57CC-E0A3-4232-832B-180499AAD12F}.Release|Any CPU.Build.0 = Release|Any CPU
		{972B12CD-BBDC-44C3-A542-613A8F28DE34}.Debug|Any CPU.ActiveCfg = Debug|Any CPU
		{972B12CD-BBDC-44C3-A542-613A8F28DE34}.Debug|Any CPU.Build.0 = Debug|Any CPU
		{972B12CD-BBDC-44C3-A542-613A8F28DE34}.Release|Any CPU.ActiveCfg = Release|Any CPU
		{972B12CD-BBDC-44C3-A542-613A8F28DE34}.Release|Any CPU.Build.0 = Release|Any CPU
		{4F8B55ED-03FD-4245-BEF8-97EE353EF9F3}.Debug|Any CPU.ActiveCfg = Debug|Any CPU
		{4F8B55ED-03FD-4245-BEF8-97EE353EF9F3}.Debug|Any CPU.Build.0 = Debug|Any CPU
		{4F8B55ED-03FD-4245-BEF8-97EE353EF9F3}.Release|Any CPU.ActiveCfg = Release|Any CPU
		{4F8B55ED-03FD-4245-BEF8-97EE353EF9F3}.Release|Any CPU.Build.0 = Release|Any CPU
		{C304520C-87DA-40C1-B272-F824B8245772}.Debug|Any CPU.ActiveCfg = Debug|Any CPU
		{C304520C-87DA-40C1-B272-F824B8245772}.Debug|Any CPU.Build.0 = Debug|Any CPU
		{C304520C-87DA-40C1-B272-F824B8245772}.Release|Any CPU.ActiveCfg = Release|Any CPU
		{C304520C-87DA-40C1-B272-F824B8245772}.Release|Any CPU.Build.0 = Release|Any CPU
	EndGlobalSection
	GlobalSection(SolutionProperties) = preSolution
		HideSolutionNode = FALSE
	EndGlobalSection
	GlobalSection(ExtensibilityGlobals) = postSolution
		SolutionGuid = {D200A8E5-EB2F-4088-9FDD-0B38613E48DB}
	EndGlobalSection
EndGlobal
